
Microsoft Visual Studio Solution File, Format Version 12.00
# Visual Studio 14
VisualStudioVersion = 14.0.23107.0
MinimumVisualStudioVersion = 10.0.40219.1
Project("{FAE04EC0-301F-11D3-BF4B-00C04F79EFBC}") = "WindowsHostDistributer", "WindowsHostDistributer\WindowsHostDistributer.csproj", "{204A249A-CA4D-4BED-B6E1-553E48DF71D9}"
EndProject
Project("{FAE04EC0-301F-11D3-BF4B-00C04F79EFBC}") = "Updater", "Updater\Updater.csproj", "{1BD75E88-E0C1-4C14-AE8B-237FAD412E53}"
EndProject
Global
	GlobalSection(SolutionConfigurationPlatforms) = preSolution
		Debug|Any CPU = Debug|Any CPU
		Release|Any CPU = Release|Any CPU
	EndGlobalSection
	GlobalSection(ProjectConfigurationPlatforms) = postSolution
		{204A249A-CA4D-4BED-B6E1-553E48DF71D9}.Debug|Any CPU.ActiveCfg = Debug|Any CPU
		{204A249A-CA4D-4BED-B6E1-553E48DF71D9}.Debug|Any CPU.Build.0 = Debug|Any CPU
		{204A249A-CA4D-4BED-B6E1-553E48DF71D9}.Release|Any CPU.ActiveCfg = Release|Any CPU
		{204A249A-CA4D-4BED-B6E1-553E48DF71D9}.Release|Any CPU.Build.0 = Release|Any CPU
		{1BD75E88-E0C1-4C14-AE8B-237FAD412E53}.Debug|Any CPU.ActiveCfg = Debug|Any CPU
		{1BD75E88-E0C1-4C14-AE8B-237FAD412E53}.Debug|Any CPU.Build.0 = Debug|Any CPU
		{1BD75E88-E0C1-4C14-AE8B-237FAD412E53}.Release|Any CPU.ActiveCfg = Release|Any CPU
		{1BD75E88-E0C1-4C14-AE8B-237FAD412E53}.Release|Any CPU.Build.0 = Release|Any CPU
	EndGlobalSection
	GlobalSection(SolutionProperties) = preSolution
		HideSolutionNode = FALSE
	EndGlobalSection
EndGlobal
